# This file is automatically generated by Cargo.
# It contains synthetic test fixture lock data for Depscan validation.
version = 3

[[package]]
name = "depscan-test-rust"
version = "0.1.0"
dependencies = [
 "serde",
 "unhashed-git-pkg",
]

[[package]]
name = "serde"
version = "1.0.195"
source = "registry+https://github.com/rust-lang/crates.io-index"
checksum = "01602026f028da07d1d0029edc450e19aedcb12815206dd6b90f430d01eac84d"

[[package]]
name = "unhashed-git-pkg"
version = "0.1.0"
source = "git+https://github.com/example/unhashed-git-pkg.git"
# Note: Checksum is intentionally omitted for unhashed git dependency
